# THIS IS AN AUTOGENERATED FILE. DO NOT EDIT THIS FILE DIRECTLY.
# yarn lockfile v1


call-bind@^1.0.0:
  version "1.0.2"
  resolved "https://registry.nlark.com/call-bind/download/call-bind-1.0.2.tgz#b1d4e89e688119c3c9a903ad30abb2f6a919be3c"
  integrity sha1-sdTonmiBGcPJqQOtMKuy9qkZvjw=
  dependencies:
    function-bind "^1.1.1"
    get-intrinsic "^1.0.2"

child_process@^1.0.2:
  version "1.0.2"
  resolved "https://registry.npm.taobao.org/child_process/download/child_process-1.0.2.tgz#b1f7e7fc73d25e7fd1d455adc94e143830182b5a"
  integrity sha1-sffn/HPSXn/R1FWtyU4UODAYK1o=

cron-parser@^3.1.0:
  version "3.5.0"
  resolved "https://registry.npmmirror.com/cron-parser/download/cron-parser-3.5.0.tgz#b1a9da9514c0310aa7ef99c2f3f1d0f8c235257c"
  integrity sha1-sanalRTAMQqn75nC8/HQ+MI1JXw=
  dependencies:
    is-nan "^1.3.2"
    luxon "^1.26.0"

define-properties@^1.1.3:
  version "1.1.3"
  resolved "https://registry.nlark.com/define-properties/download/define-properties-1.1.3.tgz#cf88da6cbee26fe6db7094f61d870cbd84cee9f1"
  integrity sha1-z4jabL7ib+bbcJT2HYcMvYTO6fE=
  dependencies:
    object-keys "^1.0.12"

function-bind@^1.1.1:
  version "1.1.1"
  resolved "https://registry.nlark.com/function-bind/download/function-bind-1.1.1.tgz#a56899d3ea3c9bab874bb9773b7c5ede92f4895d"
  integrity sha1-pWiZ0+o8m6uHS7l3O3xe3pL0iV0=

get-intrinsic@^1.0.2:
  version "1.1.1"
  resolved "https://registry.nlark.com/get-intrinsic/download/get-intrinsic-1.1.1.tgz#15f59f376f855c446963948f0d24cd3637b4abc6"
  integrity sha1-FfWfN2+FXERpY5SPDSTNNje0q8Y=
  dependencies:
    function-bind "^1.1.1"
    has "^1.0.3"
    has-symbols "^1.0.1"

has-symbols@^1.0.1:
  version "1.0.2"
  resolved "https://registry.nlark.com/has-symbols/download/has-symbols-1.0.2.tgz#165d3070c00309752a1236a479331e3ac56f1423"
  integrity sha1-Fl0wcMADCXUqEjakeTMeOsVvFCM=

has@^1.0.3:
  version "1.0.3"
  resolved "https://registry.nlark.com/has/download/has-1.0.3.tgz#722d7cbfc1f6aa8241f16dd814e011e1f41e8796"
  integrity sha1-ci18v8H2qoJB8W3YFOAR4fQeh5Y=
  dependencies:
    function-bind "^1.1.1"

is-nan@^1.3.2:
  version "1.3.2"
  resolved "https://registry.nlark.com/is-nan/download/is-nan-1.3.2.tgz#043a54adea31748b55b6cd4e09aadafa69bd9e1d"
  integrity sha1-BDpUreoxdItVts1OCara+mm9nh0=
  dependencies:
    call-bind "^1.0.0"
    define-properties "^1.1.3"

long-timeout@0.1.1:
  version "0.1.1"
  resolved "https://registry.npm.taobao.org/long-timeout/download/long-timeout-0.1.1.tgz#9721d788b47e0bcb5a24c2e2bee1a0da55dab514"
  integrity sha1-lyHXiLR+C8taJMLivuGg2lXatRQ=

luxon@^1.26.0:
  version "1.28.0"
  resolved "https://registry.nlark.com/luxon/download/luxon-1.28.0.tgz#e7f96daad3938c06a62de0fb027115d251251fbf"
  integrity sha1-5/ltqtOTjAamLeD7AnEV0lElH78=

node-schedule@^2.0.0:
  version "2.0.0"
  resolved "https://registry.npm.taobao.org/node-schedule/download/node-schedule-2.0.0.tgz#73ab4957d056c63708409cc1fab676e0e149c191"
  integrity sha1-c6tJV9BWxjcIQJzB+rZ24OFJwZE=
  dependencies:
    cron-parser "^3.1.0"
    long-timeout "0.1.1"
    sorted-array-functions "^1.3.0"

object-keys@^1.0.12:
  version "1.1.1"
  resolved "https://registry.nlark.com/object-keys/download/object-keys-1.1.1.tgz#1c47f272df277f3b1daf061677d9c82e2322c60e"
  integrity sha1-HEfyct8nfzsdrwYWd9nILiMixg4=

sorted-array-functions@^1.3.0:
  version "1.3.0"
  resolved "https://registry.npm.taobao.org/sorted-array-functions/download/sorted-array-functions-1.3.0.tgz#8605695563294dffb2c9796d602bd8459f7a0dd5"
  integrity sha1-hgVpVWMpTf+yyXltYCvYRZ96DdU=
